// !$*UTF8*$!
{
	archiveVersion = 1;
	classes = {
	};
	objectVersion = 46;
	objects = {

/* Begin PBXBuildFile section */
		0FDEB2FD1F04068000CA9854 /* AppDelegate.swift in Sources */ = {isa = PBXBuildFile; fileRef = 0FDEB2FC1F04068000CA9854 /* AppDelegate.swift */; };
		0FDEB2FF1F04068000CA9854 /* ViewController.swift in Sources */ = {isa = PBXBuildFile; fileRef = 0FDEB2FE1F04068000CA9854 /* ViewController.swift */; };
		0FDEB3021F04068000CA9854 /* Main.storyboard in Resources */ = {isa = PBXBuildFile; fileRef = 0FDEB3001F04068000CA9854 /* Main.storyboard */; };
		0FDEB3041F04068000CA9854 /* Assets.xcassets in Resources */ = {isa = PBXBuildFile; fileRef = 0FDEB3031F04068000CA9854 /* Assets.xcassets */; };
		0FDEB3071F04068000CA9854 /* LaunchScreen.storyboard in Resources */ = {isa = PBXBuildFile; fileRef = 0FDEB3051F04068000CA9854 /* LaunchScreen.storyboard */; };
		0FDEB3121F04068000CA9854 /* LighthouseSwiftExampleTests.swift in Sources */ = {isa = PBXBuildFile; fileRef = 0FDEB3111F04068000CA9854 /* LighthouseSwiftExampleTests.swift */; };
		0FDEB31D1F04068000CA9854 /* LighthouseSwiftExampleUITests.swift in Sources */ = {isa = PBXBuildFile; fileRef = 0FDEB31C1F04068000CA9854 /* LighthouseSwiftExampleUITests.swift */; };
		40D1E9662634479286C88093 /* Pods_LighthouseSwiftExample.framework in Frameworks */ = {isa = PBXBuildFile; fileRef = CB980CBBE76974F509476F03 /* Pods_LighthouseSwiftExample.framework */; };
/* End PBXBuildFile section */

/* Begin PBXContainerItemProxy section */
		0FDEB30E1F04068000CA9854 /* PBXContainerItemProxy */ = {
			isa = PBXContainerItemProxy;
			containerPortal = 0FDEB2F11F04068000CA9854 /* Project object */;
			proxyType = 1;
			remoteGlobalIDString = 0FDEB2F81F04068000CA9854;
			remoteInfo = LighthouseSwiftExample;
		};
		0FDEB3191F04068000CA9854 /* PBXContainerItemProxy */ = {
			isa = PBXContainerItemProxy;
			containerPortal = 0FDEB2F11F04068000CA9854 /* Project object */;
			proxyType = 1;
			remoteGlobalIDString = 0FDEB2F81F04068000CA9854;
			remoteInfo = LighthouseSwiftExample;
		};
/* End PBXContainerItemProxy section */

/* Begin PBXFileReference section */
		0FDEB2F91F04068000CA9854 /* LighthouseSwiftExample.app */ = {isa = PBXFileReference; explicitFileType = wrapper.application; includeInIndex = 0; path = LighthouseSwiftExample.app; sourceTree = BUILT_PRODUCTS_DIR; };
		0FDEB2FC1F04068000CA9854 /* AppDelegate.swift */ = {isa = PBXFileReference; lastKnownFileType = sourcecode.swift; path = AppDelegate.swift; sourceTree = "<group>"; };
		0FDEB2FE1F04068000CA9854 /* ViewController.swift */ = {isa = PBXFileReference; lastKnownFileType = sourcecode.swift; path = ViewController.swift; sourceTree = "<group>"; };
		0FDEB3011F04068000CA9854 /* Base */ = {isa = PBXFileReference; lastKnownFileType = file.storyboard; name = Base; path = Base.lproj/Main.storyboard; sourceTree = "<group>"; };
		0FDEB3031F04068000CA9854 /* Assets.xcassets */ = {isa = PBXFileReference; lastKnownFileType = folder.assetcatalog; path = Assets.xcassets; sourceTree = "<group>"; };
		0FDEB3061F04068000CA9854 /* Base */ = {isa = PBXFileReference; lastKnownFileType = file.storyboard; name = Base; path = Base.lproj/LaunchScreen.storyboard; sourceTree = "<group>"; };
		0FDEB3081F04068000CA9854 /* Info.plist */ = {isa = PBXFileReference; lastKnownFileType = text.plist.xml; path = Info.plist; sourceTree = "<group>"; };
		0FDEB30D1F04068000CA9854 /* LighthouseSwiftExampleTests.xctest */ = {isa = PBXFileReference; explicitFileType = wrapper.cfbundle; includeInIndex = 0; path = LighthouseSwiftExampleTests.xctest; sourceTree = BUILT_PRODUCTS_DIR; };
		0FDEB3111F04068000CA9854 /* LighthouseSwiftExampleTests.swift */ = {isa = PBXFileReference; lastKnownFileType = sourcecode.swift; path = LighthouseSwiftExampleTests.swift; sourceTree = "<group>"; };
		0FDEB3131F04068000CA9854 /* Info.plist */ = {isa = PBXFileReference; lastKnownFileType = text.plist.xml; path = Info.plist; sourceTree = "<group>"; };
		0FDEB3181F04068000CA9854 /* LighthouseSwiftExampleUITests.xctest */ = {isa = PBXFileReference; explicitFileType = wrapper.cfbundle; includeInIndex = 0; path = LighthouseSwiftExampleUITests.xctest; sourceTree = BUILT_PRODUCTS_DIR; };
		0FDEB31C1F04068000CA9854 /* LighthouseSwiftExampleUITests.swift */ = {isa = PBXFileReference; lastKnownFileType = sourcecode.swift; path = LighthouseSwiftExampleUITests.swift; sourceTree = "<group>"; };
		0FDEB31E1F04068000CA9854 /* Info.plist */ = {isa = PBXFileReference; lastKnownFileType = text.plist.xml; path = Info.plist; sourceTree = "<group>"; };
		36837B2B6D210A817D8E401F /* Pods-LighthouseSwiftExample.release.xcconfig */ = {isa = PBXFileReference; includeInIndex = 1; lastKnownFileType = text.xcconfig; name = "Pods-LighthouseSwiftExample.release.xcconfig"; path = "Pods/Target Support Files/Pods-LighthouseSwiftExample/Pods-LighthouseSwiftExample.release.xcconfig"; sourceTree = "<group>"; };
		CB980CBBE76974F509476F03 /* Pods_LighthouseSwiftExample.framework */ = {isa = PBXFileReference; explicitFileType = wrapper.framework; includeInIndex = 0; path = Pods_LighthouseSwiftExample.framework; sourceTree = BUILT_PRODUCTS_DIR; };
		EFD09CC3EF323D33CC346584 /* Pods-LighthouseSwiftExample.debug.xcconfig */ = {isa = PBXFileReference; includeInIndex = 1; lastKnownFileType = text.xcconfig; name = "Pods-LighthouseSwiftExample.debug.xcconfig"; path = "Pods/Target Support Files/Pods-LighthouseSwiftExample/Pods-LighthouseSwiftExample.debug.xcconfig"; sourceTree = "<group>"; };
/* End PBXFileReference section */

/* Begin PBXFrameworksBuildPhase section */
		0FDEB2F61F04068000CA9854 /* Frameworks */ = {
			isa = PBXFrameworksBuildPhase;
			buildActionMask = 2147483647;
			files = (
				40D1E9662634479286C88093 /* Pods_LighthouseSwiftExample.framework in Frameworks */,
			);
			runOnlyForDeploymentPostprocessing = 0;
		};
		0FDEB30A1F04068000CA9854 /* Frameworks */ = {
			isa = PBXFrameworksBuildPhase;
			buildActionMask = 2147483647;
			files = (
			);
			runOnlyForDeploymentPostprocessing = 0;
		};
		0FDEB3151F04068000CA9854 /* Frameworks */ = {
			isa = PBXFrameworksBuildPhase;
			buildActionMask = 2147483647;
			files = (
			);
			runOnlyForDeploymentPostprocessing = 0;
		};
/* End PBXFrameworksBuildPhase section */

/* Begin PBXGroup section */
		0FDEB2F01F04068000CA9854 = {
			isa = PBXGroup;
			children = (
				0FDEB2FB1F04068000CA9854 /* LighthouseSwiftExample */,
				0FDEB3101F04068000CA9854 /* LighthouseSwiftExampleTests */,
				0FDEB31B1F04068000CA9854 /* LighthouseSwiftExampleUITests */,
				0FDEB2FA1F04068000CA9854 /* Products */,
				E3C3EFE55C5E51AD8CDB8E2D /* Pods */,
				2A8BC2A8852840A19BA44AAF /* Frameworks */,
			);
			sourceTree = "<group>";
		};
		0FDEB2FA1F04068000CA9854 /* Products */ = {
			isa = PBXGroup;
			children = (
				0FDEB2F91F04068000CA9854 /* LighthouseSwiftExample.app */,
				0FDEB30D1F04068000CA9854 /* LighthouseSwiftExampleTests.xctest */,
				0FDEB3181F04068000CA9854 /* LighthouseSwiftExampleUITests.xctest */,
			);
			name = Products;
			sourceTree = "<group>";
		};
		0FDEB2FB1F04068000CA9854 /* LighthouseSwiftExample */ = {
			isa = PBXGroup;
			children = (
				0FDEB2FC1F04068000CA9854 /* AppDelegate.swift */,
				0FDEB2FE1F04068000CA9854 /* ViewController.swift */,
				0FDEB3001F04068000CA9854 /* Main.storyboard */,
				0FDEB3031F04068000CA9854 /* Assets.xcassets */,
				0FDEB3051F04068000CA9854 /* LaunchScreen.storyboard */,
				0FDEB3081F04068000CA9854 /* Info.plist */,
			);
			path = LighthouseSwiftExample;
			sourceTree = "<group>";
		};
		0FDEB3101F04068000CA9854 /* LighthouseSwiftExampleTests */ = {
			isa = PBXGroup;
			children = (
				0FDEB3111F04068000CA9854 /* LighthouseSwiftExampleTests.swift */,
				0FDEB3131F04068000CA9854 /* Info.plist */,
			);
			path = LighthouseSwiftExampleTests;
			sourceTree = "<group>";
		};
		0FDEB31B1F04068000CA9854 /* LighthouseSwiftExampleUITests */ = {
			isa = PBXGroup;
			children = (
				0FDEB31C1F04068000CA9854 /* LighthouseSwiftExampleUITests.swift */,
				0FDEB31E1F04068000CA9854 /* Info.plist */,
			);
			path = LighthouseSwiftExampleUITests;
			sourceTree = "<group>";
		};
		2A8BC2A8852840A19BA44AAF /* Frameworks */ = {
			isa = PBXGroup;
			children = (
				CB980CBBE76974F509476F03 /* Pods_LighthouseSwiftExample.framework */,
			);
			name = Frameworks;
			sourceTree = "<group>";
		};
		E3C3EFE55C5E51AD8CDB8E2D /* Pods */ = {
			isa = PBXGroup;
			children = (
				EFD09CC3EF323D33CC346584 /* Pods-LighthouseSwiftExample.debug.xcconfig */,
				36837B2B6D210A817D8E401F /* Pods-LighthouseSwiftExample.release.xcconfig */,
			);
			name = Pods;
			sourceTree = "<group>";
		};
/* End PBXGroup section */

/* Begin PBXNativeTarget section */
		0FDEB2F81F04068000CA9854 /* LighthouseSwiftExample */ = {
			isa = PBXNativeTarget;
			buildConfigurationList = 0FDEB3211F04068000CA9854 /* Build configuration list for PBXNativeTarget "LighthouseSwiftExample" */;
			buildPhases = (
				90AFDD0B384441D10B2A2784 /* [CP] Check Pods Manifest.lock */,
				0FDEB2F51F04068000CA9854 /* Sources */,
				0FDEB2F61F04068000CA9854 /* Frameworks */,
				0FDEB2F71F04068000CA9854 /* Resources */,
				DCAE3D111896CE83560F9DF1 /* [CP] Embed Pods Frameworks */,
				5CEFA6F82867115E85447C8B /* [CP] Copy Pods Resources */,
			);
			buildRules = (
			);
			dependencies = (
			);
			name = LighthouseSwiftExample;
			productName = LighthouseSwiftExample;
			productReference = 0FDEB2F91F04068000CA9854 /* LighthouseSwiftExample.app */;
			productType = "com.apple.product-type.application";
		};
		0FDEB30C1F04068000CA9854 /* LighthouseSwiftExampleTests */ = {
			isa = PBXNativeTarget;
			buildConfigurationList = 0FDEB3241F04068000CA9854 /* Build configuration list for PBXNativeTarget "LighthouseSwiftExampleTests" */;
			buildPhases = (
				0FDEB3091F04068000CA9854 /* Sources */,
				0FDEB30A1F04068000CA9854 /* Frameworks */,
				0FDEB30B1F04068000CA9854 /* Resources */,
			);
			buildRules = (
			);
			dependencies = (
				0FDEB30F1F04068000CA9854 /* PBXTargetDependency */,
			);
			name = LighthouseSwiftExampleTests;
			productName = LighthouseSwiftExampleTests;
			productReference = 0FDEB30D1F04068000CA9854 /* LighthouseSwiftExampleTests.xctest */;
			productType = "com.apple.product-type.bundle.unit-test";
		};
		0FDEB3171F04068000CA9854 /* LighthouseSwiftExampleUITests */ = {
			isa = PBXNativeTarget;
			buildConfigurationList = 0FDEB3271F04068000CA9854 /* Build configuration list for PBXNativeTarget "LighthouseSwiftExampleUITests" */;
			buildPhases = (
				0FDEB3141F04068000CA9854 /* Sources */,
				0FDEB3151F04068000CA9854 /* Frameworks */,
				0FDEB3161F04068000CA9854 /* Resources */,
			);
			buildRules = (
			);
			dependencies = (
				0FDEB31A1F04068000CA9854 /* PBXTargetDependency */,
			);
			name = LighthouseSwiftExampleUITests;
			productName = LighthouseSwiftExampleUITests;
			productReference = 0FDEB3181F04068000CA9854 /* LighthouseSwiftExampleUITests.xctest */;
			productType = "com.apple.product-type.bundle.ui-testing";
		};
/* End PBXNativeTarget section */

/* Begin PBXProject section */
		0FDEB2F11F04068000CA9854 /* Project object */ = {
			isa = PBXProject;
			attributes = {
				LastSwiftUpdateCheck = 0830;
				LastUpgradeCheck = 0830;
				ORGANIZATIONNAME = "Lacy Rhoades";
				TargetAttributes = {
					0FDEB2F81F04068000CA9854 = {
						CreatedOnToolsVersion = 8.3.3;
						ProvisioningStyle = Automatic;
					};
					0FDEB30C1F04068000CA9854 = {
						CreatedOnToolsVersion = 8.3.3;
						ProvisioningStyle = Automatic;
						TestTargetID = 0FDEB2F81F04068000CA9854;
					};
					0FDEB3171F04068000CA9854 = {
						CreatedOnToolsVersion = 8.3.3;
						ProvisioningStyle = Automatic;
						TestTargetID = 0FDEB2F81F04068000CA9854;
					};
				};
			};
			buildConfigurationList = 0FDEB2F41F04068000CA9854 /* Build configuration list for PBXProject "LighthouseSwiftExample" */;
			compatibilityVersion = "Xcode 3.2";
			developmentRegion = English;
			hasScannedForEncodings = 0;
			knownRegions = (
				en,
				Base,
			);
			mainGroup = 0FDEB2F01F04068000CA9854;
			productRefGroup = 0FDEB2FA1F04068000CA9854 /* Products */;
			projectDirPath = "";
			projectRoot = "";
			targets = (
				0FDEB2F81F04068000CA9854 /* LighthouseSwiftExample */,
				0FDEB30C1F04068000CA9854 /* LighthouseSwiftExampleTests */,
				0FDEB3171F04068000CA9854 /* LighthouseSwiftExampleUITests */,
			);
		};
/* End PBXProject section */

/* Begin PBXResourcesBuildPhase section */
		0FDEB2F71F04068000CA9854 /* Resources */ = {
			isa = PBXResourcesBuildPhase;
			buildActionMask = 2147483647;
			files = (
				0FDEB3071F04068000CA9854 /* LaunchScreen.storyboard in Resources */,
				0FDEB3041F04068000CA9854 /* Assets.xcassets in Resources */,
				0FDEB3021F04068000CA9854 /* Main.storyboard in Resources */,
			);
			runOnlyForDeploymentPostprocessing = 0;
		};
		0FDEB30B1F04068000CA9854 /* Resources */ = {
			isa = PBXResourcesBuildPhase;
			buildActionMask = 2147483647;
			files = (
			);
			runOnlyForDeploymentPostprocessing = 0;
		};
		0FDEB3161F04068000CA9854 /* Resources */ = {
			isa = PBXResourcesBuildPhase;
			buildActionMask = 2147483647;
			files = (
			);
			runOnlyForDeploymentPostprocessing = 0;
		};
/* End PBXResourcesBuildPhase section */

/* Begin PBXShellScriptBuildPhase section */
		5CEFA6F82867115E85447C8B /* [CP] Copy Pods Resources */ = {
			isa = PBXShellScriptBuildPhase;
			buildActionMask = 2147483647;
			files = (
			);
			inputPaths = (
			);
			name = "[CP] Copy Pods Resources";
			outputPaths = (
			);
			runOnlyForDeploymentPostprocessing = 0;
			shellPath = /bin/sh;
			shellScript = "\"${SRCROOT}/Pods/Target Support Files/Pods-LighthouseSwiftExample/Pods-LighthouseSwiftExample-resources.sh\"\n";
			showEnvVarsInLog = 0;
		};
		90AFDD0B384441D10B2A2784 /* [CP] Check Pods Manifest.lock */ = {
			isa = PBXShellScriptBuildPhase;
			buildActionMask = 2147483647;
			files = (
			);
			inputPaths = (
				"${PODS_PODFILE_DIR_PATH}/Podfile.lock",
				"${PODS_ROOT}/Manifest.lock",
			);
			name = "[CP] Check Pods Manifest.lock";
			outputPaths = (
				"$(DERIVED_FILE_DIR)/Pods-LighthouseSwiftExample-checkManifestLockResult.txt",
			);
			runOnlyForDeploymentPostprocessing = 0;
			shellPath = /bin/sh;
			shellScript = "diff \"${PODS_PODFILE_DIR_PATH}/Podfile.lock\" \"${PODS_ROOT}/Manifest.lock\" > /dev/null\nif [ $? != 0 ] ; then\n    # print error to STDERR\n    echo \"error: The sandbox is not in sync with the Podfile.lock. Run 'pod install' or update your CocoaPods installation.\" >&2\n    exit 1\nfi\n# This output is used by Xcode 'outputs' to avoid re-running this script phase.\necho \"SUCCESS\" > \"${SCRIPT_OUTPUT_FILE_0}\"\n";
			showEnvVarsInLog = 0;
		};
		DCAE3D111896CE83560F9DF1 /* [CP] Embed Pods Frameworks */ = {
			isa = PBXShellScriptBuildPhase;
			buildActionMask = 2147483647;
			files = (
			);
			inputPaths = (
				"${SRCROOT}/Pods/Target Support Files/Pods-LighthouseSwiftExample/Pods-LighthouseSwiftExample-frameworks.sh",
				"${BUILT_PRODUCTS_DIR}/CocoaAsyncSocket/CocoaAsyncSocket.framework",
				"${BUILT_PRODUCTS_DIR}/Lighthouse/Lighthouse.framework",
			);
			name = "[CP] Embed Pods Frameworks";
			outputPaths = (
				"${TARGET_BUILD_DIR}/${FRAMEWORKS_FOLDER_PATH}/CocoaAsyncSocket.framework",
				"${TARGET_BUILD_DIR}/${FRAMEWORKS_FOLDER_PATH}/Lighthouse.framework",
			);
			runOnlyForDeploymentPostprocessing = 0;
			shellPath = /bin/sh;
			shellScript = "\"${SRCROOT}/Pods/Target Support Files/Pods-LighthouseSwiftExample/Pods-LighthouseSwiftExample-frameworks.sh\"\n";
			showEnvVarsInLog = 0;
		};
/* End PBXShellScriptBuildPhase section */

/* Begin PBXSourcesBuildPhase section */
		0FDEB2F51F04068000CA9854 /* Sources */ = {
			isa = PBXSourcesBuildPhase;
			buildActionMask = 2147483647;
			files = (
				0FDEB2FF1F04068000CA9854 /* ViewController.swift in Sources */,
				0FDEB2FD1F04068000CA9854 /* AppDelegate.swift in Sources */,
			);
			runOnlyForDeploymentPostprocessing = 0;
		};
		0FDEB3091F04068000CA9854 /* Sources */ = {
			isa = PBXSourcesBuildPhase;
			buildActionMask = 2147483647;
			files = (
				0FDEB3121F04068000CA9854 /* LighthouseSwiftExampleTests.swift in Sources */,
			);
			runOnlyForDeploymentPostprocessing = 0;
		};
		0FDEB3141F04068000CA9854 /* Sources */ = {
			isa = PBXSourcesBuildPhase;
			buildActionMask = 2147483647;
			files = (
				0FDEB31D1F04068000CA9854 /* LighthouseSwiftExampleUITests.swift in Sources */,
			);
			runOnlyForDeploymentPostprocessing = 0;
		};
/* End PBXSourcesBuildPhase section */

/* Begin PBXTargetDependency section */
		0FDEB30F1F04068000CA9854 /* PBXTargetDependency */ = {
			isa = PBXTargetDependency;
			target = 0FDEB2F81F04068000CA9854 /* LighthouseSwiftExample */;
			targetProxy = 0FDEB30E1F04068000CA9854 /* PBXContainerItemProxy */;
		};
		0FDEB31A1F04068000CA9854 /* PBXTargetDependency */ = {
			isa = PBXTargetDependency;
			target = 0FDEB2F81F04068000CA9854 /* LighthouseSwiftExample */;
			targetProxy = 0FDEB3191F04068000CA9854 /* PBXContainerItemProxy */;
		};
/* End PBXTargetDependency section */

/* Begin PBXVariantGroup section */
		0FDEB3001F04068000CA9854 /* Main.storyboard */ = {
			isa = PBXVariantGroup;
			children = (
				0FDEB3011F04068000CA9854 /* Base */,
			);
			name = Main.storyboard;
			sourceTree = "<group>";
		};
		0FDEB3051F04068000CA9854 /* LaunchScreen.storyboard */ = {
			isa = PBXVariantGroup;
			children = (
				0FDEB3061F04068000CA9854 /* Base */,
			);
			name = LaunchScreen.storyboard;
			sourceTree = "<group>";
		};
/* End PBXVariantGroup section */

/* Begin XCBuildConfiguration section */
		0FDEB31F1F04068000CA9854 /* Debug */ = {
			isa = XCBuildConfiguration;
			buildSettings = {
				ALWAYS_SEARCH_USER_PATHS = NO;
				CLANG_ANALYZER_NONNULL = YES;
				CLANG_ANALYZER_NUMBER_OBJECT_CONVERSION = YES_AGGRESSIVE;
				CLANG_CXX_LANGUAGE_STANDARD = "gnu++0x";
				CLANG_CXX_LIBRARY = "libc++";
				CLANG_ENABLE_MODULES = YES;
				CLANG_ENABLE_OBJC_ARC = YES;
				CLANG_WARN_BOOL_CONVERSION = YES;
				CLANG_WARN_CONSTANT_CONVERSION = YES;
				CLANG_WARN_DIRECT_OBJC_ISA_USAGE = YES_ERROR;
				CLANG_WARN_DOCUMENTATION_COMMENTS = YES;
				CLANG_WARN_EMPTY_BODY = YES;
				CLANG_WARN_ENUM_CONVERSION = YES;
				CLANG_WARN_INFINITE_RECURSION = YES;
				CLANG_WARN_INT_CONVERSION = YES;
				CLANG_WARN_OBJC_ROOT_CLASS = YES_ERROR;
				CLANG_WARN_SUSPICIOUS_MOVE = YES;
				CLANG_WARN_UNREACHABLE_CODE = YES;
				CLANG_WARN__DUPLICATE_METHOD_MATCH = YES;
				"CODE_SIGN_IDENTITY[sdk=iphoneos*]" = "iPhone Developer";
				COPY_PHASE_STRIP = NO;
				DEBUG_INFORMATION_FORMAT = dwarf;
				ENABLE_STRICT_OBJC_MSGSEND = YES;
				ENABLE_TESTABILITY = YES;
				GCC_C_LANGUAGE_STANDARD = gnu99;
				GCC_DYNAMIC_NO_PIC = NO;
				GCC_NO_COMMON_BLOCKS = YES;
				GCC_OPTIMIZATION_LEVEL = 0;
				GCC_PREPROCESSOR_DEFINITIONS = (
					"DEBUG=1",
					"$(inherited)",
				);
				GCC_WARN_64_TO_32_BIT_CONVERSION = YES;
				GCC_WARN_ABOUT_RETURN_TYPE = YES_ERROR;
				GCC_WARN_UNDECLARED_SELECTOR = YES;
				GCC_WARN_UNINITIALIZED_AUTOS = YES_AGGRESSIVE;
				GCC_WARN_UNUSED_FUNCTION = YES;
				GCC_WARN_UNUSED_VARIABLE = YES;
				IPHONEOS_DEPLOYMENT_TARGET = 10.3;
				MTL_ENABLE_DEBUG_INFO = YES;
				ONLY_ACTIVE_ARCH = YES;
				SDKROOT = iphoneos;
				SWIFT_ACTIVE_COMPILATION_CONDITIONS = DEBUG;
				SWIFT_OPTIMIZATION_LEVEL = "-Onone";
				TARGETED_DEVICE_FAMILY = "1,2";
			};
			name = Debug;
		};
		0FDEB3201F04068000CA9854 /* Release */ = {
			isa = XCBuildConfiguration;
			buildSettings = {
				ALWAYS_SEARCH_USER_PATHS = NO;
				CLANG_ANALYZER_NONNULL = YES;
				CLANG_ANALYZER_NUMBER_OBJECT_CONVERSION = YES_AGGRESSIVE;
				CLANG_CXX_LANGUAGE_STANDARD = "gnu++0x";
				CLANG_CXX_LIBRARY = "libc++";
				CLANG_ENABLE_MODULES = YES;
				CLANG_ENABLE_OBJC_ARC = YES;
				CLANG_WARN_BOOL_CONVERSION = YES;
				CLANG_WARN_CONSTANT_CONVERSION = YES;
				CLANG_WARN_DIRECT_OBJC_ISA_USAGE = YES_ERROR;
				CLANG_WARN_DOCUMENTATION_COMMENTS = YES;
				CLANG_WARN_EMPTY_BODY = YES;
				CLANG_WARN_ENUM_CONVERSION = YES;
				CLANG_WARN_INFINITE_RECURSION = YES;
				CLANG_WARN_INT_CONVERSION = YES;
				CLANG_WARN_OBJC_ROOT_CLASS = YES_ERROR;
				CLANG_WARN_SUSPICIOUS_MOVE = YES;
				CLANG_WARN_UNREACHABLE_CODE = YES;
				CLANG_WARN__DUPLICATE_METHOD_MATCH = YES;
				"CODE_SIGN_IDENTITY[sdk=iphoneos*]" = "iPhone Developer";
				COPY_PHASE_STRIP = NO;
				DEBUG_INFORMATION_FORMAT = "dwarf-with-dsym";
				ENABLE_NS_ASSERTIONS = NO;
				ENABLE_STRICT_OBJC_MSGSEND = YES;
				GCC_C_LANGUAGE_STANDARD = gnu99;
				GCC_NO_COMMON_BLOCKS = YES;
				GCC_WARN_64_TO_32_BIT_CONVERSION = YES;
				GCC_WARN_ABOUT_RETURN_TYPE = YES_ERROR;
				GCC_WARN_UNDECLARED_SELECTOR = YES;
				GCC_WARN_UNINITIALIZED_AUTOS = YES_AGGRESSIVE;
				GCC_WARN_UNUSED_FUNCTION = YES;
				GCC_WARN_UNUSED_VARIABLE = YES;
				IPHONEOS_DEPLOYMENT_TARGET = 10.3;
				MTL_ENABLE_DEBUG_INFO = NO;
				SDKROOT = iphoneos;
				SWIFT_OPTIMIZATION_LEVEL = "-Owholemodule";
				TARGETED_DEVICE_FAMILY = "1,2";
				VALIDATE_PRODUCT = YES;
			};
			name = Release;
		};
		0FDEB3221F04068000CA9854 /* Debug */ = {
			isa = XCBuildConfiguration;
			baseConfigurationReference = EFD09CC3EF323D33CC346584 /* Pods-LighthouseSwiftExample.debug.xcconfig */;
			buildSettings = {
				ASSETCATALOG_COMPILER_APPICON_NAME = AppIcon;
				DEVELOPMENT_TEAM = "";
				INFOPLIST_FILE = LighthouseSwiftExample/Info.plist;
				LD_RUNPATH_SEARCH_PATHS = "$(inherited) @executable_path/Frameworks";
				PRODUCT_BUNDLE_IDENTIFIER = net.colordeaf.LighthouseSwiftExample;
				PRODUCT_NAME = "$(TARGET_NAME)";
				SWIFT_VERSION = 3.0;
			};
			name = Debug;
		};
		0FDEB3231F04068000CA9854 /* Release */ = {
			isa = XCBuildConfiguration;
			baseConfigurationReference = 36837B2B6D210A817D8E401F /* Pods-LighthouseSwiftExample.release.xcconfig */;
			buildSettings = {
				ASSETCATALOG_COMPILER_APPICON_NAME = AppIcon;
				DEVELOPMENT_TEAM = "";
				INFOPLIST_FILE = LighthouseSwiftExample/Info.plist;
				LD_RUNPATH_SEARCH_PATHS = "$(inherited) @executable_path/Frameworks";
				PRODUCT_BUNDLE_IDENTIFIER = net.colordeaf.LighthouseSwiftExample;
				PRODUCT_NAME = "$(TARGET_NAME)";
				SWIFT_VERSION = 3.0;
			};
			name = Release;
		};
		0FDEB3251F04068000CA9854 /* Debug */ = {
			isa = XCBuildConfiguration;
			buildSettings = {
				ALWAYS_EMBED_SWIFT_STANDARD_LIBRARIES = YES;
				BUNDLE_LOADER = "$(TEST_HOST)";
				INFOPLIST_FILE = LighthouseSwiftExampleTests/Info.plist;
				LD_RUNPATH_SEARCH_PATHS = "$(inherited) @executable_path/Frameworks @loader_path/Frameworks";
				PRODUCT_BUNDLE_IDENTIFIER = net.colordeaf.LighthouseSwiftExampleTests;
				PRODUCT_NAME = "$(TARGET_NAME)";
				SWIFT_VERSION = 3.0;
				TEST_HOST = "$(BUILT_PRODUCTS_DIR)/LighthouseSwiftExample.app/LighthouseSwiftExample";
			};
			name = Debug;
		};
		0FDEB3261F04068000CA9854 /* Release */ = {
			isa = XCBuildConfiguration;
			buildSettings = {
				ALWAYS_EMBED_SWIFT_STANDARD_LIBRARIES = YES;
				BUNDLE_LOADER = "$(TEST_HOST)";
				INFOPLIST_FILE = LighthouseSwiftExampleTests/Info.plist;
				LD_RUNPATH_SEARCH_PATHS = "$(inherited) @executable_path/Frameworks @loader_path/Frameworks";
				PRODUCT_BUNDLE_IDENTIFIER = net.colordeaf.LighthouseSwiftExampleTests;
				PRODUCT_NAME = "$(TARGET_NAME)";
				SWIFT_VERSION = 3.0;
				TEST_HOST = "$(BUILT_PRODUCTS_DIR)/LighthouseSwiftExample.app/LighthouseSwiftExample";
			};
			name = Release;
		};
		0FDEB3281F04068000CA9854 /* Debug */ = {
			isa = XCBuildConfiguration;
			buildSettings = {
				ALWAYS_EMBED_SWIFT_STANDARD_LIBRARIES = YES;
				INFOPLIST_FILE = LighthouseSwiftExampleUITests/Info.plist;
				LD_RUNPATH_SEARCH_PATHS = "$(inherited) @executable_path/Frameworks @loader_path/Frameworks";
				PRODUCT_BUNDLE_IDENTIFIER = net.colordeaf.LighthouseSwiftExampleUITests;
				PRODUCT_NAME = "$(TARGET_NAME)";
				SWIFT_VERSION = 3.0;
				TEST_TARGET_NAME = LighthouseSwiftExample;
			};
			name = Debug;
		};
		0FDEB3291F04068000CA9854 /* Release */ = {
			isa = XCBuildConfiguration;
			buildSettings = {
				ALWAYS_EMBED_SWIFT_STANDARD_LIBRARIES = YES;
				INFOPLIST_FILE = LighthouseSwiftExampleUITests/Info.plist;
				LD_RUNPATH_SEARCH_PATHS = "$(inherited) @executable_path/Frameworks @loader_path/Frameworks";
				PRODUCT_BUNDLE_IDENTIFIER = net.colordeaf.LighthouseSwiftExampleUITests;
				PRODUCT_NAME = "$(TARGET_NAME)";
				SWIFT_VERSION = 3.0;
				TEST_TARGET_NAME = LighthouseSwiftExample;
			};
			name = Release;
		};
/* End XCBuildConfiguration section */

/* Begin XCConfigurationList section */
		0FDEB2F41F04068000CA9854 /* Build configuration list for PBXProject "LighthouseSwiftExample" */ = {
			isa = XCConfigurationList;
			buildConfigurations = (
				0FDEB31F1F04068000CA9854 /* Debug */,
				0FDEB3201F04068000CA9854 /* Release */,
			);
			defaultConfigurationIsVisible = 0;
			defaultConfigurationName = Release;
		};
		0FDEB3211F04068000CA9854 /* Build configuration list for PBXNativeTarget "LighthouseSwiftExample" */ = {
			isa = XCConfigurationList;
			buildConfigurations = (
				0FDEB3221F04068000CA9854 /* Debug */,
				0FDEB3231F04068000CA9854 /* Release */,
			);
			defaultConfigurationIsVisible = 0;
		};
		0FDEB3241F04068000CA9854 /* Build configuration list for PBXNativeTarget "LighthouseSwiftExampleTests" */ = {
			isa = XCConfigurationList;
			buildConfigurations = (
				0FDEB3251F04068000CA9854 /* Debug */,
				0FDEB3261F04068000CA9854 /* Release */,
			);
			defaultConfigurationIsVisible = 0;
		};
		0FDEB3271F04068000CA9854 /* Build configuration list for PBXNativeTarget "LighthouseSwiftExampleUITests" */ = {
			isa = XCConfigurationList;
			buildConfigurations = (
				0FDEB3281F04068000CA9854 /* Debug */,
				0FDEB3291F04068000CA9854 /* Release */,
			);
			defaultConfigurationIsVisible = 0;
		};
/* End XCConfigurationList section */
	};
	rootObject = 0FDEB2F11F04068000CA9854 /* Project object */;
}
