PODS:
  - CocoaAsyncSocket (7.6.1)
  - Harold (0.2.2):
    - CocoaAsyncSocket

DEPENDENCIES:
  - Harold (from `../../`)

SPEC REPOS:
  https://github.com/CocoaPods/Specs.git:
    - CocoaAsyncSocket

EXTERNAL SOURCES:
  Harold:
    :path: "../../"

SPEC CHECKSUMS:
  CocoaAsyncSocket: 7eadd3f59e1a6c84e2aefc93e9ff7b55156fe174
  Harold: 341933a3bb528a8236057e4506d8be3d4677cffc

PODFILE CHECKSUM: 3d7dc7a3c89a575ca21808f6fb70237ecbe517fe

COCOAPODS: 1.5.0
